{
  "version": "5",
  "remote": {
    "https://cdn.jsdelivr.net/npm/client-zip@2.4.5/+esm": "659a204c7f61800d4e7ea639fb0afad52934b219c2d5a1ed98278b9fcebfee42",
    "https://edge.netlify.com/": "fd941d61d88673d5f28aab283fb86fcc50f08a3bc80ee5470498fcfa88c65cfb",
    "https://edge.netlify.com/bootstrap/config.ts": "6a2ce0e544e15e8f8883a5c18da5948e37fd0f2619f68cb31f3af53c51817025",
    "https://edge.netlify.com/bootstrap/context.ts": "e97240232121e2f369f6546ce961490f34d961ea1ea54be3ff09633e3f08373f",
    "https://edge.netlify.com/bootstrap/cookie.ts": "8b0baae708989ca183c6f3b4ab3d029e6abcbc2e43f93edeb0ff447b3bbc3a05",
    "https://edge.netlify.com/bootstrap/edge_function.ts": "b8253e86aa83c67341f5cfedeba5049d77fbf84dcab7eceff7566b7728ae9b39",
    "https://edge.netlify.com/bootstrap/globals/types.ts": "eaa6148ded3121d8dee62dd91c86e7fe76601df0f3ca8d7962243a30f4c8935f"
  },
  "workspace": {
    "packageJson": {
      "dependencies": [
        "npm:@capacitor/android@^8.2.0",
        "npm:@capacitor/app@^8.0.1",
        "npm:@capacitor/assets@^3.0.5",
        "npm:@capacitor/cli@^8.2.0",
        "npm:@capacitor/core@^8.2.0",
        "npm:@capacitor/haptics@^8.0.1",
        "npm:@capacitor/ios@^8.2.0",
        "npm:@ffmpeg/core@~0.12.10",
        "npm:@ffmpeg/ffmpeg@~0.12.15",
        "npm:@ffmpeg/util@~0.12.2",
        "npm:@kawarp/core@^1.1.1",
        "npm:@svta/common-media-library@~0.18.1",
        "npm:@testing-library/dom@^10.4.1",
        "npm:@types/node@^25.3.5",
        "npm:@uimaxbai/am-lyrics@^1.1.4",
        "npm:@vitest/browser-playwright@^4.1.2",
        "npm:@vitest/web-worker@^4.1.2",
        "npm:appwrite@23",
        "npm:butterchurn-presets@^2.4.7",
        "npm:butterchurn@^2.6.7",
        "npm:client-zip@^2.5.0",
        "npm:cookie-session@^2.1.1",
        "npm:eslint-config-prettier@^10.1.8",
        "npm:eslint@^9.39.3",
        "npm:eventemitter3@^5.0.4",
        "npm:events@^3.3.0",
        "npm:formidable@^3.5.4",
        "npm:fuse.js@^7.1.0",
        "npm:globals@^17.4.0",
        "npm:hls.js@^1.6.15",
        "npm:htmlhint@^1.9.2",
        "npm:jose@^6.2.0",
        "npm:lucide-static@0.577",
        "npm:mime@^4.1.0",
        "npm:miniflare@^4.20260301.1",
        "npm:npm@^11.11.1",
        "npm:playwright@^1.58.2",
        "npm:pocketbase@~0.26.8",
        "npm:prettier@^3.8.1",
        "npm:shaka-player@^5.0.7",
        "npm:simple-icons@^16.12.0",
        "npm:stylelint-config-standard-scss@16",
        "npm:stylelint-config-standard@^39.0.1",
        "npm:stylelint@^16.26.1",
        "npm:svgo@^4.0.1",
        "npm:typescript@^5.9.3",
        "npm:url-toolkit@^2.2.5",
        "npm:uuid@13",
        "npm:vite-plugin-pwa@^1.2.0",
        "npm:vite@^7.3.1",
        "npm:vitest@^4.1.2"
      ],
      "overrides": {
        "sourcemap-codec": "npm:@jridgewell/sourcemap-codec@^1.4.14",
        "source-map": "^0.7.4",
        "serialize-javascript": "^7.0.3"
      }
    }
  }
}
